
Microsoft Visual Studio Solution File, Format Version 12.00
# Visual Studio Version 17
VisualStudioVersion = 17.0.32014.148
MinimumVisualStudioVersion = 10.0.40219.1
Project("{FAE04EC0-301F-11D3-BF4B-00C04F79EFBC}") = "TicTacToe", "TicTacToe.csproj", "{1FC90987-3A53-415C-A2F0-07C0639C1B84}"
EndProject
Global
	GlobalSection(SolutionConfigurationPlatforms) = preSolution
		Debug|Any CPU = Debug|Any CPU
		Release|Any CPU = Release|Any CPU
	EndGlobalSection
	GlobalSection(ProjectConfigurationPlatforms) = postSolution
		{1FC90987-3A53-415C-A2F0-07C0639C1B84}.Debug|Any CPU.ActiveCfg = Debug|Any CPU
		{1FC90987-3A53-415C-A2F0-07C0639C1B84}.Debug|Any CPU.Build.0 = Debug|Any CPU
		{1FC90987-3A53-415C-A2F0-07C0639C1B84}.Release|Any CPU.ActiveCfg = Release|Any CPU
		{1FC90987-3A53-415C-A2F0-07C0639C1B84}.Release|Any CPU.Build.0 = Release|Any CPU
	EndGlobalSection
	GlobalSection(SolutionProperties) = preSolution
		HideSolutionNode = FALSE
	EndGlobalSection
	GlobalSection(ExtensibilityGlobals) = postSolution
		SolutionGuid = {0A27039F-2A89-43E7-B107-44352ABDD57A}
	EndGlobalSection
EndGlobal
